
Microsoft Visual Studio Solution File, Format Version 12.00
# Visual Studio Version 17
VisualStudioVersion = 17.8.34525.116
MinimumVisualStudioVersion = 10.0.40219.1
Project("{FAE04EC0-301F-11D3-BF4B-00C04F79EFBC}") = "MaU C# Assignment2", "MaU C# Assignment2.csproj", "{21DD31DD-9348-461F-A51A-82C22BEEF1D8}"
EndProject
Global
	GlobalSection(SolutionConfigurationPlatforms) = preSolution
		Debug|Any CPU = Debug|Any CPU
		Release|Any CPU = Release|Any CPU
	EndGlobalSection
	GlobalSection(ProjectConfigurationPlatforms) = postSolution
		{21DD31DD-9348-461F-A51A-82C22BEEF1D8}.Debug|Any CPU.ActiveCfg = Debug|Any CPU
		{21DD31DD-9348-461F-A51A-82C22BEEF1D8}.Debug|Any CPU.Build.0 = Debug|Any CPU
		{21DD31DD-9348-461F-A51A-82C22BEEF1D8}.Release|Any CPU.ActiveCfg = Release|Any CPU
		{21DD31DD-9348-461F-A51A-82C22BEEF1D8}.Release|Any CPU.Build.0 = Release|Any CPU
	EndGlobalSection
	GlobalSection(SolutionProperties) = preSolution
		HideSolutionNode = FALSE
	EndGlobalSection
	GlobalSection(ExtensibilityGlobals) = postSolution
		SolutionGuid = {B1111DF6-645F-4CD5-84AB-E00317DD8D25}
	EndGlobalSection
EndGlobal
